
Microsoft Visual Studio Solution File, Format Version 12.00
# Visual Studio Version 17
VisualStudioVersion = 17.3.32825.248
MinimumVisualStudioVersion = 10.0.40219.1
Project("{FAE04EC0-301F-11D3-BF4B-00C04F79EFBC}") = "P01WstepLINQ", "P01WstepLINQ\P01WstepLINQ.csproj", "{2A4F2ECF-3546-4365-9A2D-FFCC9836B9EE}"
EndProject
Project("{FAE04EC0-301F-11D3-BF4B-00C04F79EFBC}") = "P02AplikacjaZawodnicy", "P02AplikacjaZawodnicy\P02AplikacjaZawodnicy.csproj", "{4AA3CA24-4D16-4E41-AC2E-BCB38B455CD3}"
EndProject
Project("{FAE04EC0-301F-11D3-BF4B-00C04F79EFBC}") = "P03ZarzanieKontrolkami", "P03ZarzanieKontrolkami\P03ZarzanieKontrolkami.csproj", "{16C98031-90CB-48F8-B23F-F75837F5F603}"
EndProject
Project("{FAE04EC0-301F-11D3-BF4B-00C04F79EFBC}") = "P04Dziedziczenie", "P04Dziedziczenie\P04Dziedziczenie.csproj", "{E99166CC-4FA7-48C0-8DF4-9E0078E14823}"
EndProject
Project("{FAE04EC0-301F-11D3-BF4B-00C04F79EFBC}") = "P05Dziedziczenie", "P05Dziedziczenie\P05Dziedziczenie.csproj", "{ACF3BA99-9DE3-4653-80B6-F501BF5415B6}"
EndProject
Global
	GlobalSection(SolutionConfigurationPlatforms) = preSolution
		Debug|Any CPU = Debug|Any CPU
		Release|Any CPU = Release|Any CPU
	EndGlobalSection
	GlobalSection(ProjectConfigurationPlatforms) = postSolution
		{2A4F2ECF-3546-4365-9A2D-FFCC9836B9EE}.Debug|Any CPU.ActiveCfg = Debug|Any CPU
		{2A4F2ECF-3546-4365-9A2D-FFCC9836B9EE}.Debug|Any CPU.Build.0 = Debug|Any CPU
		{2A4F2ECF-3546-4365-9A2D-FFCC9836B9EE}.Release|Any CPU.ActiveCfg = Release|Any CPU
		{2A4F2ECF-3546-4365-9A2D-FFCC9836B9EE}.Release|Any CPU.Build.0 = Release|Any CPU
		{4AA3CA24-4D16-4E41-AC2E-BCB38B455CD3}.Debug|Any CPU.ActiveCfg = Debug|Any CPU
		{4AA3CA24-4D16-4E41-AC2E-BCB38B455CD3}.Debug|Any CPU.Build.0 = Debug|Any CPU
		{4AA3CA24-4D16-4E41-AC2E-BCB38B455CD3}.Release|Any CPU.ActiveCfg = Release|Any CPU
		{4AA3CA24-4D16-4E41-AC2E-BCB38B455CD3}.Release|Any CPU.Build.0 = Release|Any CPU
		{16C98031-90CB-48F8-B23F-F75837F5F603}.Debug|Any CPU.ActiveCfg = Debug|Any CPU
		{16C98031-90CB-48F8-B23F-F75837F5F603}.Debug|Any CPU.Build.0 = Debug|Any CPU
		{16C98031-90CB-48F8-B23F-F75837F5F603}.Release|Any CPU.ActiveCfg = Release|Any CPU
		{16C98031-90CB-48F8-B23F-F75837F5F603}.Release|Any CPU.Build.0 = Release|Any CPU
		{E99166CC-4FA7-48C0-8DF4-9E0078E14823}.Debug|Any CPU.ActiveCfg = Debug|Any CPU
		{E99166CC-4FA7-48C0-8DF4-9E0078E14823}.Debug|Any CPU.Build.0 = Debug|Any CPU
		{E99166CC-4FA7-48C0-8DF4-9E0078E14823}.Release|Any CPU.ActiveCfg = Release|Any CPU
		{E99166CC-4FA7-48C0-8DF4-9E0078E14823}.Release|Any CPU.Build.0 = Release|Any CPU
		{ACF3BA99-9DE3-4653-80B6-F501BF5415B6}.Debug|Any CPU.ActiveCfg = Debug|Any CPU
		{ACF3BA99-9DE3-4653-80B6-F501BF5415B6}.Debug|Any CPU.Build.0 = Debug|Any CPU
		{ACF3BA99-9DE3-4653-80B6-F501BF5415B6}.Release|Any CPU.ActiveCfg = Release|Any CPU
		{ACF3BA99-9DE3-4653-80B6-F501BF5415B6}.Release|Any CPU.Build.0 = Release|Any CPU
	EndGlobalSection
	GlobalSection(SolutionProperties) = preSolution
		HideSolutionNode = FALSE
	EndGlobalSection
	GlobalSection(ExtensibilityGlobals) = postSolution
		SolutionGuid = {63D1D15C-AF03-4632-991B-E6A04C6FE156}
	EndGlobalSection
EndGlobal
